
Microsoft Visual Studio Solution File, Format Version 12.00
# Visual Studio Version 17
VisualStudioVersion = 17.0.32014.148
MinimumVisualStudioVersion = 10.0.40219.1
Project("{2150E333-8FDC-42A3-9474-1A3956D46DE8}") = "FrontEnd", "FrontEnd", "{317969A4-6010-41F3-9A4D-2B5D25B5738F}"
EndProject
Project("{2150E333-8FDC-42A3-9474-1A3956D46DE8}") = "Services", "Services", "{C39DF046-94AF-4F99-832E-9842CEB31746}"
EndProject
Project("{9A19103F-16F7-4668-BE54-9A1E7A4F7556}") = "Mango.Web", "FrontEnd\Mango.Web\Mango.Web.csproj", "{04E6B1BB-72C9-45EF-9B5A-BAB41FA7A4F1}"
EndProject
Project("{9A19103F-16F7-4668-BE54-9A1E7A4F7556}") = "Mango.Services.ProductAPI", "Services\Mango.Services.ProductAPI\Mango.Services.ProductAPI.csproj", "{61D6FDCC-767E-40E8-87F0-B9A26D9EF814}"
EndProject
Global
	GlobalSection(SolutionConfigurationPlatforms) = preSolution
		Debug|Any CPU = Debug|Any CPU
		Release|Any CPU = Release|Any CPU
	EndGlobalSection
	GlobalSection(ProjectConfigurationPlatforms) = postSolution
		{04E6B1BB-72C9-45EF-9B5A-BAB41FA7A4F1}.Debug|Any CPU.ActiveCfg = Debug|Any CPU
		{04E6B1BB-72C9-45EF-9B5A-BAB41FA7A4F1}.Debug|Any CPU.Build.0 = Debug|Any CPU
		{04E6B1BB-72C9-45EF-9B5A-BAB41FA7A4F1}.Release|Any CPU.ActiveCfg = Release|Any CPU
		{04E6B1BB-72C9-45EF-9B5A-BAB41FA7A4F1}.Release|Any CPU.Build.0 = Release|Any CPU
		{61D6FDCC-767E-40E8-87F0-B9A26D9EF814}.Debug|Any CPU.ActiveCfg = Debug|Any CPU
		{61D6FDCC-767E-40E8-87F0-B9A26D9EF814}.Debug|Any CPU.Build.0 = Debug|Any CPU
		{61D6FDCC-767E-40E8-87F0-B9A26D9EF814}.Release|Any CPU.ActiveCfg = Release|Any CPU
		{61D6FDCC-767E-40E8-87F0-B9A26D9EF814}.Release|Any CPU.Build.0 = Release|Any CPU
	EndGlobalSection
	GlobalSection(SolutionProperties) = preSolution
		HideSolutionNode = FALSE
	EndGlobalSection
	GlobalSection(NestedProjects) = preSolution
		{04E6B1BB-72C9-45EF-9B5A-BAB41FA7A4F1} = {317969A4-6010-41F3-9A4D-2B5D25B5738F}
		{61D6FDCC-767E-40E8-87F0-B9A26D9EF814} = {C39DF046-94AF-4F99-832E-9842CEB31746}
	EndGlobalSection
	GlobalSection(ExtensibilityGlobals) = postSolution
		SolutionGuid = {BEFA69C2-B643-4661-9541-128B75AB1D2E}
	EndGlobalSection
EndGlobal
